
Microsoft Visual Studio Solution File, Format Version 12.00
# Visual Studio 15
VisualStudioVersion = 15.0.28010.2026
MinimumVisualStudioVersion = 10.0.40219.1
Project("{FAE04EC0-301F-11D3-BF4B-00C04F79EFBC}") = "CreaClase", "CreaClase\CreaClase.csproj", "{D4651BD2-3F29-4244-B87D-7C6192302E04}"
EndProject
Global
	GlobalSection(SolutionConfigurationPlatforms) = preSolution
		Debug|Any CPU = Debug|Any CPU
		Release|Any CPU = Release|Any CPU
	EndGlobalSection
	GlobalSection(ProjectConfigurationPlatforms) = postSolution
		{D4651BD2-3F29-4244-B87D-7C6192302E04}.Debug|Any CPU.ActiveCfg = Debug|Any CPU
		{D4651BD2-3F29-4244-B87D-7C6192302E04}.Debug|Any CPU.Build.0 = Debug|Any CPU
		{D4651BD2-3F29-4244-B87D-7C6192302E04}.Release|Any CPU.ActiveCfg = Release|Any CPU
		{D4651BD2-3F29-4244-B87D-7C6192302E04}.Release|Any CPU.Build.0 = Release|Any CPU
	EndGlobalSection
	GlobalSection(SolutionProperties) = preSolution
		HideSolutionNode = FALSE
	EndGlobalSection
	GlobalSection(ExtensibilityGlobals) = postSolution
		SolutionGuid = {CF44C948-4831-4772-BABE-5AA58364CE6F}
	EndGlobalSection
EndGlobal
